
Microsoft Visual Studio Solution File, Format Version 12.00
# Visual Studio 15
VisualStudioVersion = 15.0.28307.539
MinimumVisualStudioVersion = 10.0.40219.1
Project("{FAE04EC0-301F-11D3-BF4B-00C04F79EFBC}") = "EvoAlg", "EvoAlg\EvoAlg.csproj", "{3570BBA4-9677-40E2-889B-3CBC97E05432}"
EndProject
Global
	GlobalSection(SolutionConfigurationPlatforms) = preSolution
		Debug|Any CPU = Debug|Any CPU
		Release|Any CPU = Release|Any CPU
	EndGlobalSection
	GlobalSection(ProjectConfigurationPlatforms) = postSolution
		{3570BBA4-9677-40E2-889B-3CBC97E05432}.Debug|Any CPU.ActiveCfg = Debug|Any CPU
		{3570BBA4-9677-40E2-889B-3CBC97E05432}.Debug|Any CPU.Build.0 = Debug|Any CPU
		{3570BBA4-9677-40E2-889B-3CBC97E05432}.Release|Any CPU.ActiveCfg = Release|Any CPU
		{3570BBA4-9677-40E2-889B-3CBC97E05432}.Release|Any CPU.Build.0 = Release|Any CPU
	EndGlobalSection
	GlobalSection(SolutionProperties) = preSolution
		HideSolutionNode = FALSE
	EndGlobalSection
	GlobalSection(ExtensibilityGlobals) = postSolution
		SolutionGuid = {069EC916-6053-4730-8477-21741BC37403}
	EndGlobalSection
EndGlobal
